
Microsoft Visual Studio Solution File, Format Version 12.00
# Visual Studio Version 17
VisualStudioVersion = 17.0.32126.317
MinimumVisualStudioVersion = 10.0.40219.1
Project("{8BC9CEB8-8B4A-11D0-8D11-00A0C91BC942}") = "ballBearing-8", "ballBearing-8\ballBearing-8.vcxproj", "{2C7A5E08-FCF4-4FF7-B69C-20F9B220C359}"
EndProject
Project("{8BC9CEB8-8B4A-11D0-8D11-00A0C91BC942}") = "NXDrawUtils", "NXDrawUtils\NXDrawUtils.vcxproj", "{D14280C3-0498-4CC4-AE3F-1E1B602A83EB}"
EndProject
Global
	GlobalSection(SolutionConfigurationPlatforms) = preSolution
		Debug|x64 = Debug|x64
		Debug|x86 = Debug|x86
		Release|x64 = Release|x64
		Release|x86 = Release|x86
	EndGlobalSection
	GlobalSection(ProjectConfigurationPlatforms) = postSolution
		{2C7A5E08-FCF4-4FF7-B69C-20F9B220C359}.Debug|x64.ActiveCfg = Debug|x64
		{2C7A5E08-FCF4-4FF7-B69C-20F9B220C359}.Debug|x64.Build.0 = Debug|x64
		{2C7A5E08-FCF4-4FF7-B69C-20F9B220C359}.Debug|x86.ActiveCfg = Debug|Win32
		{2C7A5E08-FCF4-4FF7-B69C-20F9B220C359}.Debug|x86.Build.0 = Debug|Win32
		{2C7A5E08-FCF4-4FF7-B69C-20F9B220C359}.Release|x64.ActiveCfg = Release|x64
		{2C7A5E08-FCF4-4FF7-B69C-20F9B220C359}.Release|x64.Build.0 = Release|x64
		{2C7A5E08-FCF4-4FF7-B69C-20F9B220C359}.Release|x86.ActiveCfg = Release|Win32
		{2C7A5E08-FCF4-4FF7-B69C-20F9B220C359}.Release|x86.Build.0 = Release|Win32
		{D14280C3-0498-4CC4-AE3F-1E1B602A83EB}.Debug|x64.ActiveCfg = Debug|x64
		{D14280C3-0498-4CC4-AE3F-1E1B602A83EB}.Debug|x64.Build.0 = Debug|x64
		{D14280C3-0498-4CC4-AE3F-1E1B602A83EB}.Debug|x86.ActiveCfg = Debug|Win32
		{D14280C3-0498-4CC4-AE3F-1E1B602A83EB}.Debug|x86.Build.0 = Debug|Win32
		{D14280C3-0498-4CC4-AE3F-1E1B602A83EB}.Release|x64.ActiveCfg = Release|x64
		{D14280C3-0498-4CC4-AE3F-1E1B602A83EB}.Release|x64.Build.0 = Release|x64
		{D14280C3-0498-4CC4-AE3F-1E1B602A83EB}.Release|x86.ActiveCfg = Release|Win32
		{D14280C3-0498-4CC4-AE3F-1E1B602A83EB}.Release|x86.Build.0 = Release|Win32
	EndGlobalSection
	GlobalSection(SolutionProperties) = preSolution
		HideSolutionNode = FALSE
	EndGlobalSection
	GlobalSection(ExtensibilityGlobals) = postSolution
		SolutionGuid = {BCE53B93-F910-47AD-91E9-65BD898D1CE7}
	EndGlobalSection
EndGlobal
