
Microsoft Visual Studio Solution File, Format Version 12.00
# Visual Studio Version 17
VisualStudioVersion = 17.0.32126.317
MinimumVisualStudioVersion = 10.0.40219.1
Project("{8BC9CEB8-8B4A-11D0-8D11-00A0C91BC942}") = "krishka-10", "krishka-10\krishka-10.vcxproj", "{B5D159CC-6D4E-458C-8C24-1E8EEC9F9030}"
EndProject
Project("{8BC9CEB8-8B4A-11D0-8D11-00A0C91BC942}") = "NXDrawUtils", "NXDrawUtils\NXDrawUtils.vcxproj", "{D14280C3-0498-4CC4-AE3F-1E1B602A83EB}"
EndProject
Project("{8BC9CEB8-8B4A-11D0-8D11-00A0C91BC942}") = "Utils", "Utils\Utils.vcxproj", "{8130E5B7-48C8-4EEF-804A-BE4A59F17383}"
EndProject
Global
	GlobalSection(SolutionConfigurationPlatforms) = preSolution
		Debug|x64 = Debug|x64
		Debug|x86 = Debug|x86
		Release|x64 = Release|x64
		Release|x86 = Release|x86
	EndGlobalSection
	GlobalSection(ProjectConfigurationPlatforms) = postSolution
		{B5D159CC-6D4E-458C-8C24-1E8EEC9F9030}.Debug|x64.ActiveCfg = Debug|x64
		{B5D159CC-6D4E-458C-8C24-1E8EEC9F9030}.Debug|x64.Build.0 = Debug|x64
		{B5D159CC-6D4E-458C-8C24-1E8EEC9F9030}.Debug|x86.ActiveCfg = Debug|Win32
		{B5D159CC-6D4E-458C-8C24-1E8EEC9F9030}.Debug|x86.Build.0 = Debug|Win32
		{B5D159CC-6D4E-458C-8C24-1E8EEC9F9030}.Release|x64.ActiveCfg = Release|x64
		{B5D159CC-6D4E-458C-8C24-1E8EEC9F9030}.Release|x64.Build.0 = Release|x64
		{B5D159CC-6D4E-458C-8C24-1E8EEC9F9030}.Release|x86.ActiveCfg = Release|Win32
		{B5D159CC-6D4E-458C-8C24-1E8EEC9F9030}.Release|x86.Build.0 = Release|Win32
		{D14280C3-0498-4CC4-AE3F-1E1B602A83EB}.Debug|x64.ActiveCfg = Debug|x64
		{D14280C3-0498-4CC4-AE3F-1E1B602A83EB}.Debug|x64.Build.0 = Debug|x64
		{D14280C3-0498-4CC4-AE3F-1E1B602A83EB}.Debug|x86.ActiveCfg = Debug|Win32
		{D14280C3-0498-4CC4-AE3F-1E1B602A83EB}.Debug|x86.Build.0 = Debug|Win32
		{D14280C3-0498-4CC4-AE3F-1E1B602A83EB}.Release|x64.ActiveCfg = Release|x64
		{D14280C3-0498-4CC4-AE3F-1E1B602A83EB}.Release|x64.Build.0 = Release|x64
		{D14280C3-0498-4CC4-AE3F-1E1B602A83EB}.Release|x86.ActiveCfg = Release|Win32
		{D14280C3-0498-4CC4-AE3F-1E1B602A83EB}.Release|x86.Build.0 = Release|Win32
		{8130E5B7-48C8-4EEF-804A-BE4A59F17383}.Debug|x64.ActiveCfg = Debug|x64
		{8130E5B7-48C8-4EEF-804A-BE4A59F17383}.Debug|x64.Build.0 = Debug|x64
		{8130E5B7-48C8-4EEF-804A-BE4A59F17383}.Debug|x86.ActiveCfg = Debug|Win32
		{8130E5B7-48C8-4EEF-804A-BE4A59F17383}.Debug|x86.Build.0 = Debug|Win32
		{8130E5B7-48C8-4EEF-804A-BE4A59F17383}.Release|x64.ActiveCfg = Release|x64
		{8130E5B7-48C8-4EEF-804A-BE4A59F17383}.Release|x64.Build.0 = Release|x64
		{8130E5B7-48C8-4EEF-804A-BE4A59F17383}.Release|x86.ActiveCfg = Release|Win32
		{8130E5B7-48C8-4EEF-804A-BE4A59F17383}.Release|x86.Build.0 = Release|Win32
	EndGlobalSection
	GlobalSection(SolutionProperties) = preSolution
		HideSolutionNode = FALSE
	EndGlobalSection
	GlobalSection(ExtensibilityGlobals) = postSolution
		SolutionGuid = {C5D68858-6A9B-4002-81AE-0E76CC5C3F12}
	EndGlobalSection
EndGlobal
